
Microsoft Visual Studio Solution File, Format Version 12.00
# Visual Studio Version 17
VisualStudioVersion = 17.6.33815.320
MinimumVisualStudioVersion = 10.0.40219.1
Project("{9A19103F-16F7-4668-BE54-9A1E7A4F7556}") = "Spellchekr", "Spellchekr\Spellchekr.csproj", "{1C9EAFCA-4CB4-42D7-AF42-57791B8A4C85}"
EndProject
Project("{9A19103F-16F7-4668-BE54-9A1E7A4F7556}") = "Spellchekr.Tests", "Spellchekr.Tests\Spellchekr.Tests.csproj", "{8B4EE4D1-8098-4C05-A7FD-8C330F74E124}"
EndProject
Project("{9A19103F-16F7-4668-BE54-9A1E7A4F7556}") = "Spellchekr.Example", "Spellchekr.Example\Spellchekr.Example.csproj", "{9D943D04-89AF-4162-8AA4-FBBB4D44295C}"
EndProject
Project("{2150E333-8FDC-42A3-9474-1A3956D46DE8}") = "Solution Items", "Solution Items", "{BE4FECE0-8758-4E0F-B5D7-68D82BD3B4D3}"
	ProjectSection(SolutionItems) = preProject
		.editorconfig = .editorconfig
	EndProjectSection
EndProject
Global
	GlobalSection(SolutionConfigurationPlatforms) = preSolution
		Debug|Any CPU = Debug|Any CPU
		Release|Any CPU = Release|Any CPU
	EndGlobalSection
	GlobalSection(ProjectConfigurationPlatforms) = postSolution
		{1C9EAFCA-4CB4-42D7-AF42-57791B8A4C85}.Debug|Any CPU.ActiveCfg = Debug|Any CPU
		{1C9EAFCA-4CB4-42D7-AF42-57791B8A4C85}.Debug|Any CPU.Build.0 = Debug|Any CPU
		{1C9EAFCA-4CB4-42D7-AF42-57791B8A4C85}.Release|Any CPU.ActiveCfg = Release|Any CPU
		{1C9EAFCA-4CB4-42D7-AF42-57791B8A4C85}.Release|Any CPU.Build.0 = Release|Any CPU
		{8B4EE4D1-8098-4C05-A7FD-8C330F74E124}.Debug|Any CPU.ActiveCfg = Debug|Any CPU
		{8B4EE4D1-8098-4C05-A7FD-8C330F74E124}.Debug|Any CPU.Build.0 = Debug|Any CPU
		{8B4EE4D1-8098-4C05-A7FD-8C330F74E124}.Release|Any CPU.ActiveCfg = Release|Any CPU
		{8B4EE4D1-8098-4C05-A7FD-8C330F74E124}.Release|Any CPU.Build.0 = Release|Any CPU
		{9D943D04-89AF-4162-8AA4-FBBB4D44295C}.Debug|Any CPU.ActiveCfg = Debug|Any CPU
		{9D943D04-89AF-4162-8AA4-FBBB4D44295C}.Debug|Any CPU.Build.0 = Debug|Any CPU
		{9D943D04-89AF-4162-8AA4-FBBB4D44295C}.Release|Any CPU.ActiveCfg = Release|Any CPU
		{9D943D04-89AF-4162-8AA4-FBBB4D44295C}.Release|Any CPU.Build.0 = Release|Any CPU
	EndGlobalSection
	GlobalSection(SolutionProperties) = preSolution
		HideSolutionNode = FALSE
	EndGlobalSection
	GlobalSection(ExtensibilityGlobals) = postSolution
		SolutionGuid = {F1226323-A82D-4994-A209-21807F2F8887}
	EndGlobalSection
EndGlobal
